{
  "name": "oc-adm-util",
  "version": "1.0.0",
  "lockfileVersion": 1,
  "requires": true,
  "dependencies": {
    "csv-parse": {
      "version": "4.4.7",
      "resolved": "https://registry.npmjs.org/csv-parse/-/csv-parse-4.4.7.tgz",
      "integrity": "sha512-QfjZ9mhBHcNDUM7Ab1sLC5HNa7wVFSl5jDK3lpM0YyvAUb9bVgO1Veht13tWJno8cEZ2eSowFDwcvRCO4BVvNA=="
    }
  }
}
